{
  "name": "waca",
  "version": "1.0.0",
  "lockfileVersion": 2,
  "requires": true,
  "packages": {
    "": {
      "name": "waca",
      "version": "1.0.0",
      "license": "UNLICENCED",
      "dependencies": {
        "popper.js": "^1.16.0"
      },
      "devDependencies": {}
    },
    "node_modules/popper.js": {
      "version": "1.16.0",
      "resolved": "https://registry.npmjs.org/popper.js/-/popper.js-1.16.0.tgz",
      "integrity": "sha1-LhgWvLuqUY6mwuFaRm9Mucbi+7M="
    }
  },
  "dependencies": {
    "popper.js": {
      "version": "1.16.0",
      "resolved": "https://registry.npmjs.org/popper.js/-/popper.js-1.16.0.tgz",
      "integrity": "sha1-LhgWvLuqUY6mwuFaRm9Mucbi+7M="
    }
  }
}
