{
  "name": "waca",
  "version": "1.0.0",
  "lockfileVersion": 2,
  "requires": true,
  "packages": {
    "": {
      "name": "waca",
      "version": "1.0.0",
      "license": "UNLICENCED",
      "dependencies": {
        "@web-auth/webauthn-helper": "0.0.13",
        "popper.js": "^1.16.0"
      },
      "devDependencies": {}
    },
    "node_modules/@web-auth/webauthn-helper": {
      "version": "0.0.13",
      "resolved": "https://registry.npmjs.org/@web-auth/webauthn-helper/-/webauthn-helper-0.0.13.tgz",
      "integrity": "sha512-yEXWTiZSGFYnCVEwOqWgZFrQ4MiW9WGAiAvdRD6NQRlp7sr39THZiGIix/x3y3zmnsUsZZ0iXQA8zG/gPESwzQ=="
    },
    "node_modules/popper.js": {
      "version": "1.16.0",
      "resolved": "https://registry.npmjs.org/popper.js/-/popper.js-1.16.0.tgz",
      "integrity": "sha1-LhgWvLuqUY6mwuFaRm9Mucbi+7M="
    }
  },
  "dependencies": {
    "@web-auth/webauthn-helper": {
      "version": "0.0.13",
      "resolved": "https://registry.npmjs.org/@web-auth/webauthn-helper/-/webauthn-helper-0.0.13.tgz",
      "integrity": "sha512-yEXWTiZSGFYnCVEwOqWgZFrQ4MiW9WGAiAvdRD6NQRlp7sr39THZiGIix/x3y3zmnsUsZZ0iXQA8zG/gPESwzQ=="
    },
    "popper.js": {
      "version": "1.16.0",
      "resolved": "https://registry.npmjs.org/popper.js/-/popper.js-1.16.0.tgz",
      "integrity": "sha1-LhgWvLuqUY6mwuFaRm9Mucbi+7M="
    }
  }
}
